
Microsoft Visual Studio Solution File, Format Version 12.00
# Visual Studio Version 17
VisualStudioVersion = 17.3.32819.101
MinimumVisualStudioVersion = 10.0.40219.1
Project("{FAE04EC0-301F-11D3-BF4B-00C04F79EFBC}") = "NumberGuessingGame", "NumberGuessingGame\NumberGuessingGame.csproj", "{9888F1D2-F385-4F2A-BA7D-5C0D8E542412}"
EndProject
Global
	GlobalSection(SolutionConfigurationPlatforms) = preSolution
		Debug|Any CPU = Debug|Any CPU
		Release|Any CPU = Release|Any CPU
	EndGlobalSection
	GlobalSection(ProjectConfigurationPlatforms) = postSolution
		{9888F1D2-F385-4F2A-BA7D-5C0D8E542412}.Debug|Any CPU.ActiveCfg = Debug|Any CPU
		{9888F1D2-F385-4F2A-BA7D-5C0D8E542412}.Debug|Any CPU.Build.0 = Debug|Any CPU
		{9888F1D2-F385-4F2A-BA7D-5C0D8E542412}.Release|Any CPU.ActiveCfg = Release|Any CPU
		{9888F1D2-F385-4F2A-BA7D-5C0D8E542412}.Release|Any CPU.Build.0 = Release|Any CPU
	EndGlobalSection
	GlobalSection(SolutionProperties) = preSolution
		HideSolutionNode = FALSE
	EndGlobalSection
	GlobalSection(ExtensibilityGlobals) = postSolution
		SolutionGuid = {75731A90-C29B-4FE3-AD14-2E45723493B3}
	EndGlobalSection
EndGlobal
